
Microsoft Visual Studio Solution File, Format Version 12.00
# Visual Studio Version 16
VisualStudioVersion = 16.0.30128.74
MinimumVisualStudioVersion = 10.0.40219.1
Project("{FAE04EC0-301F-11D3-BF4B-00C04F79EFBC}") = "AromasEstoque", "AromasEstoque.csproj", "{1F2D5BA4-DF67-4044-ADB7-574C2D51AF0F}"
EndProject
Project("{FAE04EC0-301F-11D3-BF4B-00C04F79EFBC}") = "AromasEstoqueTests", "..\AromasEstoqueTests\AromasEstoqueTests.csproj", "{C6B932E6-3328-4BE3-9E34-35CA7B8BE2DD}"
EndProject
Global
	GlobalSection(SolutionConfigurationPlatforms) = preSolution
		Debug|Any CPU = Debug|Any CPU
		Release|Any CPU = Release|Any CPU
	EndGlobalSection
	GlobalSection(ProjectConfigurationPlatforms) = postSolution
		{1F2D5BA4-DF67-4044-ADB7-574C2D51AF0F}.Debug|Any CPU.ActiveCfg = Debug|Any CPU
		{1F2D5BA4-DF67-4044-ADB7-574C2D51AF0F}.Debug|Any CPU.Build.0 = Debug|Any CPU
		{1F2D5BA4-DF67-4044-ADB7-574C2D51AF0F}.Release|Any CPU.ActiveCfg = Release|Any CPU
		{1F2D5BA4-DF67-4044-ADB7-574C2D51AF0F}.Release|Any CPU.Build.0 = Release|Any CPU
		{C6B932E6-3328-4BE3-9E34-35CA7B8BE2DD}.Debug|Any CPU.ActiveCfg = Debug|Any CPU
		{C6B932E6-3328-4BE3-9E34-35CA7B8BE2DD}.Debug|Any CPU.Build.0 = Debug|Any CPU
		{C6B932E6-3328-4BE3-9E34-35CA7B8BE2DD}.Release|Any CPU.ActiveCfg = Release|Any CPU
		{C6B932E6-3328-4BE3-9E34-35CA7B8BE2DD}.Release|Any CPU.Build.0 = Release|Any CPU
	EndGlobalSection
	GlobalSection(SolutionProperties) = preSolution
		HideSolutionNode = FALSE
	EndGlobalSection
	GlobalSection(ExtensibilityGlobals) = postSolution
		SolutionGuid = {9FFE2E51-59F0-4849-AA80-B5F921D693CD}
	EndGlobalSection
EndGlobal
